// !$*UTF8*$!
{
	archiveVersion = 1;
	classes = {
	};
	objectVersion = 50;
	objects = {

/* Begin PBXBuildFile section */
		AEA2B48020AFD58900CBE78F /* main.m in Sources */ = {isa = PBXBuildFile; fileRef = AEA2B47F20AFD58900CBE78F /* main.m */; };
		AEA2B48820AFD66700CBE78F /* Rectangle.m in Sources */ = {isa = PBXBuildFile; fileRef = AEA2B48720AFD66700CBE78F /* Rectangle.m */; };
		AEA2B48C20AFD84F00CBE78F /* Square.m in Sources */ = {isa = PBXBuildFile; fileRef = AEA2B48B20AFD84F00CBE78F /* Square.m */; };
		AEA2B48F20AFE46300CBE78F /* XYPoint.m in Sources */ = {isa = PBXBuildFile; fileRef = AEA2B48E20AFE46300CBE78F /* XYPoint.m */; };
/* End PBXBuildFile section */

/* Begin PBXCopyFilesBuildPhase section */
		AEA2B47A20AFD58900CBE78F /* CopyFiles */ = {
			isa = PBXCopyFilesBuildPhase;
			buildActionMask = 2147483647;
			dstPath = /usr/share/man/man1/;
			dstSubfolderSpec = 0;
			files = (
			);
			runOnlyForDeploymentPostprocessing = 1;
		};
/* End PBXCopyFilesBuildPhase section */

/* Begin PBXFileReference section */
		AEA2B47C20AFD58900CBE78F /* Rectangle */ = {isa = PBXFileReference; explicitFileType = "compiled.mach-o.executable"; includeInIndex = 0; path = Rectangle; sourceTree = BUILT_PRODUCTS_DIR; };
		AEA2B47F20AFD58900CBE78F /* main.m */ = {isa = PBXFileReference; lastKnownFileType = sourcecode.c.objc; path = main.m; sourceTree = "<group>"; };
		AEA2B48620AFD5DF00CBE78F /* Rectangle.h */ = {isa = PBXFileReference; lastKnownFileType = sourcecode.c.h; path = Rectangle.h; sourceTree = "<group>"; };
		AEA2B48720AFD66700CBE78F /* Rectangle.m */ = {isa = PBXFileReference; lastKnownFileType = sourcecode.c.objc; path = Rectangle.m; sourceTree = "<group>"; };
		AEA2B48A20AFD7FA00CBE78F /* Square.h */ = {isa = PBXFileReference; lastKnownFileType = sourcecode.c.h; path = Square.h; sourceTree = "<group>"; };
		AEA2B48B20AFD84F00CBE78F /* Square.m */ = {isa = PBXFileReference; lastKnownFileType = sourcecode.c.objc; path = Square.m; sourceTree = "<group>"; };
		AEA2B48D20AFDD7C00CBE78F /* XYPoint.h */ = {isa = PBXFileReference; lastKnownFileType = sourcecode.c.h; path = XYPoint.h; sourceTree = "<group>"; };
		AEA2B48E20AFE46300CBE78F /* XYPoint.m */ = {isa = PBXFileReference; lastKnownFileType = sourcecode.c.objc; path = XYPoint.m; sourceTree = "<group>"; };
/* End PBXFileReference section */

/* Begin PBXFrameworksBuildPhase section */
		AEA2B47920AFD58900CBE78F /* Frameworks */ = {
			isa = PBXFrameworksBuildPhase;
			buildActionMask = 2147483647;
			files = (
			);
			runOnlyForDeploymentPostprocessing = 0;
		};
/* End PBXFrameworksBuildPhase section */

/* Begin PBXGroup section */
		AEA2B47320AFD58900CBE78F = {
			isa = PBXGroup;
			children = (
				AEA2B47E20AFD58900CBE78F /* Rectangle */,
				AEA2B47D20AFD58900CBE78F /* Products */,
			);
			sourceTree = "<group>";
		};
		AEA2B47D20AFD58900CBE78F /* Products */ = {
			isa = PBXGroup;
			children = (
				AEA2B47C20AFD58900CBE78F /* Rectangle */,
			);
			name = Products;
			sourceTree = "<group>";
		};
		AEA2B47E20AFD58900CBE78F /* Rectangle */ = {
			isa = PBXGroup;
			children = (
				AEA2B47F20AFD58900CBE78F /* main.m */,
				AEA2B48D20AFDD7C00CBE78F /* XYPoint.h */,
				AEA2B48E20AFE46300CBE78F /* XYPoint.m */,
				AEA2B48A20AFD7FA00CBE78F /* Square.h */,
				AEA2B48B20AFD84F00CBE78F /* Square.m */,
				AEA2B48620AFD5DF00CBE78F /* Rectangle.h */,
				AEA2B48720AFD66700CBE78F /* Rectangle.m */,
			);
			path = Rectangle;
			sourceTree = "<group>";
		};
/* End PBXGroup section */

/* Begin PBXNativeTarget section */
		AEA2B47B20AFD58900CBE78F /* Rectangle */ = {
			isa = PBXNativeTarget;
			buildConfigurationList = AEA2B48320AFD58900CBE78F /* Build configuration list for PBXNativeTarget "Rectangle" */;
			buildPhases = (
				AEA2B47820AFD58900CBE78F /* Sources */,
				AEA2B47920AFD58900CBE78F /* Frameworks */,
				AEA2B47A20AFD58900CBE78F /* CopyFiles */,
			);
			buildRules = (
			);
			dependencies = (
			);
			name = Rectangle;
			productName = Rectangle;
			productReference = AEA2B47C20AFD58900CBE78F /* Rectangle */;
			productType = "com.apple.product-type.tool";
		};
/* End PBXNativeTarget section */

/* Begin PBXProject section */
		AEA2B47420AFD58900CBE78F /* Project object */ = {
			isa = PBXProject;
			attributes = {
				LastUpgradeCheck = 0940;
				ORGANIZATIONNAME = "Gao Xing";
				TargetAttributes = {
					AEA2B47B20AFD58900CBE78F = {
						CreatedOnToolsVersion = 9.4;
					};
				};
			};
			buildConfigurationList = AEA2B47720AFD58900CBE78F /* Build configuration list for PBXProject "Rectangle" */;
			compatibilityVersion = "Xcode 9.3";
			developmentRegion = en;
			hasScannedForEncodings = 0;
			knownRegions = (
				en,
			);
			mainGroup = AEA2B47320AFD58900CBE78F;
			productRefGroup = AEA2B47D20AFD58900CBE78F /* Products */;
			projectDirPath = "";
			projectRoot = "";
			targets = (
				AEA2B47B20AFD58900CBE78F /* Rectangle */,
			);
		};
/* End PBXProject section */

/* Begin PBXSourcesBuildPhase section */
		AEA2B47820AFD58900CBE78F /* Sources */ = {
			isa = PBXSourcesBuildPhase;
			buildActionMask = 2147483647;
			files = (
				AEA2B48C20AFD84F00CBE78F /* Square.m in Sources */,
				AEA2B48020AFD58900CBE78F /* main.m in Sources */,
				AEA2B48820AFD66700CBE78F /* Rectangle.m in Sources */,
				AEA2B48F20AFE46300CBE78F /* XYPoint.m in Sources */,
			);
			runOnlyForDeploymentPostprocessing = 0;
		};
/* End PBXSourcesBuildPhase section */

/* Begin XCBuildConfiguration section */
		AEA2B48120AFD58900CBE78F /* Debug */ = {
			isa = XCBuildConfiguration;
			buildSettings = {
				ALWAYS_SEARCH_USER_PATHS = NO;
				CLANG_ANALYZER_NONNULL = YES;
				CLANG_ANALYZER_NUMBER_OBJECT_CONVERSION = YES_AGGRESSIVE;
				CLANG_CXX_LANGUAGE_STANDARD = "gnu++14";
				CLANG_CXX_LIBRARY = "libc++";
				CLANG_ENABLE_MODULES = YES;
				CLANG_ENABLE_OBJC_ARC = YES;
				CLANG_ENABLE_OBJC_WEAK = YES;
				CLANG_WARN_BLOCK_CAPTURE_AUTORELEASING = YES;
				CLANG_WARN_BOOL_CONVERSION = YES;
				CLANG_WARN_COMMA = YES;
				CLANG_WARN_CONSTANT_CONVERSION = YES;
				CLANG_WARN_DEPRECATED_OBJC_IMPLEMENTATIONS = YES;
				CLANG_WARN_DIRECT_OBJC_ISA_USAGE = YES_ERROR;
				CLANG_WARN_DOCUMENTATION_COMMENTS = YES;
				CLANG_WARN_EMPTY_BODY = YES;
				CLANG_WARN_ENUM_CONVERSION = YES;
				CLANG_WARN_INFINITE_RECURSION = YES;
				CLANG_WARN_INT_CONVERSION = YES;
				CLANG_WARN_NON_LITERAL_NULL_CONVERSION = YES;
				CLANG_WARN_OBJC_IMPLICIT_RETAIN_SELF = YES;
				CLANG_WARN_OBJC_LITERAL_CONVERSION = YES;
				CLANG_WARN_OBJC_ROOT_CLASS = YES_ERROR;
				CLANG_WARN_RANGE_LOOP_ANALYSIS = YES;
				CLANG_WARN_STRICT_PROTOTYPES = YES;
				CLANG_WARN_SUSPICIOUS_MOVE = YES;
				CLANG_WARN_UNGUARDED_AVAILABILITY = YES_AGGRESSIVE;
				CLANG_WARN_UNREACHABLE_CODE = YES;
				CLANG_WARN__DUPLICATE_METHOD_MATCH = YES;
				CODE_SIGN_IDENTITY = "-";
				COPY_PHASE_STRIP = NO;
				DEBUG_INFORMATION_FORMAT = dwarf;
				ENABLE_STRICT_OBJC_MSGSEND = YES;
				ENABLE_TESTABILITY = YES;
				GCC_C_LANGUAGE_STANDARD = gnu11;
				GCC_DYNAMIC_NO_PIC = NO;
				GCC_NO_COMMON_BLOCKS = YES;
				GCC_OPTIMIZATION_LEVEL = 0;
				GCC_PREPROCESSOR_DEFINITIONS = (
					"DEBUG=1",
					"$(inherited)",
				);
				GCC_WARN_64_TO_32_BIT_CONVERSION = YES;
				GCC_WARN_ABOUT_RETURN_TYPE = YES_ERROR;
				GCC_WARN_UNDECLARED_SELECTOR = YES;
				GCC_WARN_UNINITIALIZED_AUTOS = YES_AGGRESSIVE;
				GCC_WARN_UNUSED_FUNCTION = YES;
				GCC_WARN_UNUSED_VARIABLE = YES;
				MACOSX_DEPLOYMENT_TARGET = 10.13;
				MTL_ENABLE_DEBUG_INFO = YES;
				ONLY_ACTIVE_ARCH = YES;
				SDKROOT = macosx;
			};
			name = Debug;
		};
		AEA2B48220AFD58900CBE78F /* Release */ = {
			isa = XCBuildConfiguration;
			buildSettings = {
				ALWAYS_SEARCH_USER_PATHS = NO;
				CLANG_ANALYZER_NONNULL = YES;
				CLANG_ANALYZER_NUMBER_OBJECT_CONVERSION = YES_AGGRESSIVE;
				CLANG_CXX_LANGUAGE_STANDARD = "gnu++14";
				CLANG_CXX_LIBRARY = "libc++";
				CLANG_ENABLE_MODULES = YES;
				CLANG_ENABLE_OBJC_ARC = YES;
				CLANG_ENABLE_OBJC_WEAK = YES;
				CLANG_WARN_BLOCK_CAPTURE_AUTORELEASING = YES;
				CLANG_WARN_BOOL_CONVERSION = YES;
				CLANG_WARN_COMMA = YES;
				CLANG_WARN_CONSTANT_CONVERSION = YES;
				CLANG_WARN_DEPRECATED_OBJC_IMPLEMENTATIONS = YES;
				CLANG_WARN_DIRECT_OBJC_ISA_USAGE = YES_ERROR;
				CLANG_WARN_DOCUMENTATION_COMMENTS = YES;
				CLANG_WARN_EMPTY_BODY = YES;
				CLANG_WARN_ENUM_CONVERSION = YES;
				CLANG_WARN_INFINITE_RECURSION = YES;
				CLANG_WARN_INT_CONVERSION = YES;
				CLANG_WARN_NON_LITERAL_NULL_CONVERSION = YES;
				CLANG_WARN_OBJC_IMPLICIT_RETAIN_SELF = YES;
				CLANG_WARN_OBJC_LITERAL_CONVERSION = YES;
				CLANG_WARN_OBJC_ROOT_CLASS = YES_ERROR;
				CLANG_WARN_RANGE_LOOP_ANALYSIS = YES;
				CLANG_WARN_STRICT_PROTOTYPES = YES;
				CLANG_WARN_SUSPICIOUS_MOVE = YES;
				CLANG_WARN_UNGUARDED_AVAILABILITY = YES_AGGRESSIVE;
				CLANG_WARN_UNREACHABLE_CODE = YES;
				CLANG_WARN__DUPLICATE_METHOD_MATCH = YES;
				CODE_SIGN_IDENTITY = "-";
				COPY_PHASE_STRIP = NO;
				DEBUG_INFORMATION_FORMAT = "dwarf-with-dsym";
				ENABLE_NS_ASSERTIONS = NO;
				ENABLE_STRICT_OBJC_MSGSEND = YES;
				GCC_C_LANGUAGE_STANDARD = gnu11;
				GCC_NO_COMMON_BLOCKS = YES;
				GCC_WARN_64_TO_32_BIT_CONVERSION = YES;
				GCC_WARN_ABOUT_RETURN_TYPE = YES_ERROR;
				GCC_WARN_UNDECLARED_SELECTOR = YES;
				GCC_WARN_UNINITIALIZED_AUTOS = YES_AGGRESSIVE;
				GCC_WARN_UNUSED_FUNCTION = YES;
				GCC_WARN_UNUSED_VARIABLE = YES;
				MACOSX_DEPLOYMENT_TARGET = 10.13;
				MTL_ENABLE_DEBUG_INFO = NO;
				SDKROOT = macosx;
			};
			name = Release;
		};
		AEA2B48420AFD58900CBE78F /* Debug */ = {
			isa = XCBuildConfiguration;
			buildSettings = {
				CODE_SIGN_STYLE = Automatic;
				PRODUCT_NAME = "$(TARGET_NAME)";
			};
			name = Debug;
		};
		AEA2B48520AFD58900CBE78F /* Release */ = {
			isa = XCBuildConfiguration;
			buildSettings = {
				CODE_SIGN_STYLE = Automatic;
				PRODUCT_NAME = "$(TARGET_NAME)";
			};
			name = Release;
		};
/* End XCBuildConfiguration section */

/* Begin XCConfigurationList section */
		AEA2B47720AFD58900CBE78F /* Build configuration list for PBXProject "Rectangle" */ = {
			isa = XCConfigurationList;
			buildConfigurations = (
				AEA2B48120AFD58900CBE78F /* Debug */,
				AEA2B48220AFD58900CBE78F /* Release */,
			);
			defaultConfigurationIsVisible = 0;
			defaultConfigurationName = Release;
		};
		AEA2B48320AFD58900CBE78F /* Build configuration list for PBXNativeTarget "Rectangle" */ = {
			isa = XCConfigurationList;
			buildConfigurations = (
				AEA2B48420AFD58900CBE78F /* Debug */,
				AEA2B48520AFD58900CBE78F /* Release */,
			);
			defaultConfigurationIsVisible = 0;
			defaultConfigurationName = Release;
		};
/* End XCConfigurationList section */
	};
	rootObject = AEA2B47420AFD58900CBE78F /* Project object */;
}
